
Microsoft Visual Studio Solution File, Format Version 12.00
# Visual Studio Version 16
VisualStudioVersion = 16.0.32802.440
MinimumVisualStudioVersion = 10.0.40219.1
Project("{FAE04EC0-301F-11D3-BF4B-00C04F79EFBC}") = "ExperimentWithControls", "ExperimentWithControls\ExperimentWithControls.csproj", "{63DA42B9-B8A8-4D51-8C39-C5F20AD09470}"
EndProject
Global
	GlobalSection(SolutionConfigurationPlatforms) = preSolution
		Debug|Any CPU = Debug|Any CPU
		Release|Any CPU = Release|Any CPU
	EndGlobalSection
	GlobalSection(ProjectConfigurationPlatforms) = postSolution
		{63DA42B9-B8A8-4D51-8C39-C5F20AD09470}.Debug|Any CPU.ActiveCfg = Debug|Any CPU
		{63DA42B9-B8A8-4D51-8C39-C5F20AD09470}.Debug|Any CPU.Build.0 = Debug|Any CPU
		{63DA42B9-B8A8-4D51-8C39-C5F20AD09470}.Release|Any CPU.ActiveCfg = Release|Any CPU
		{63DA42B9-B8A8-4D51-8C39-C5F20AD09470}.Release|Any CPU.Build.0 = Release|Any CPU
	EndGlobalSection
	GlobalSection(SolutionProperties) = preSolution
		HideSolutionNode = FALSE
	EndGlobalSection
	GlobalSection(ExtensibilityGlobals) = postSolution
		SolutionGuid = {F147ED39-F1CB-46AD-817D-00A8CA81D9D2}
	EndGlobalSection
EndGlobal
